
Microsoft Visual Studio Solution File, Format Version 12.00
# Visual Studio Version 17
VisualStudioVersion = 17.5.33516.290
MinimumVisualStudioVersion = 10.0.40219.1
Project("{9A19103F-16F7-4668-BE54-9A1E7A4F7556}") = "HashMate.Client.UI", "HashMate.Client.UI\HashMate.Client.UI.csproj", "{A72AF2E5-466B-41D0-9B7D-E9EAAA0DB618}"
EndProject
Project("{FAE04EC0-301F-11D3-BF4B-00C04F79EFBC}") = "HashMate.Access.Interface", "HashMate.Access.Interface\HashMate.Access.Interface.csproj", "{237B33B0-E127-434C-ABF1-8B0D05F0E9BD}"
EndProject
Global
	GlobalSection(SolutionConfigurationPlatforms) = preSolution
		Debug|Any CPU = Debug|Any CPU
		Release|Any CPU = Release|Any CPU
	EndGlobalSection
	GlobalSection(ProjectConfigurationPlatforms) = postSolution
		{A72AF2E5-466B-41D0-9B7D-E9EAAA0DB618}.Debug|Any CPU.ActiveCfg = Debug|Any CPU
		{A72AF2E5-466B-41D0-9B7D-E9EAAA0DB618}.Debug|Any CPU.Build.0 = Debug|Any CPU
		{A72AF2E5-466B-41D0-9B7D-E9EAAA0DB618}.Release|Any CPU.ActiveCfg = Release|Any CPU
		{A72AF2E5-466B-41D0-9B7D-E9EAAA0DB618}.Release|Any CPU.Build.0 = Release|Any CPU
		{237B33B0-E127-434C-ABF1-8B0D05F0E9BD}.Debug|Any CPU.ActiveCfg = Debug|Any CPU
		{237B33B0-E127-434C-ABF1-8B0D05F0E9BD}.Debug|Any CPU.Build.0 = Debug|Any CPU
		{237B33B0-E127-434C-ABF1-8B0D05F0E9BD}.Release|Any CPU.ActiveCfg = Release|Any CPU
		{237B33B0-E127-434C-ABF1-8B0D05F0E9BD}.Release|Any CPU.Build.0 = Release|Any CPU
	EndGlobalSection
	GlobalSection(SolutionProperties) = preSolution
		HideSolutionNode = FALSE
	EndGlobalSection
	GlobalSection(ExtensibilityGlobals) = postSolution
		SolutionGuid = {B575F06A-DAAC-46C8-88D1-05E2A7666473}
	EndGlobalSection
EndGlobal
